
Microsoft Visual Studio Solution File, Format Version 12.00
# Visual Studio 2013
VisualStudioVersion = 12.0.40629.0
MinimumVisualStudioVersion = 10.0.40219.1
Project("{FAE04EC0-301F-11D3-BF4B-00C04F79EFBC}") = "GNRvinsuk", "GNRvinsuk\GNRvinsuk.csproj", "{8576ED8D-2211-458E-A6C4-674FFC46620E}"
EndProject
Global
	GlobalSection(SolutionConfigurationPlatforms) = preSolution
		Debug|Any CPU = Debug|Any CPU
		Release|Any CPU = Release|Any CPU
	EndGlobalSection
	GlobalSection(ProjectConfigurationPlatforms) = postSolution
		{8576ED8D-2211-458E-A6C4-674FFC46620E}.Debug|Any CPU.ActiveCfg = Debug|Any CPU
		{8576ED8D-2211-458E-A6C4-674FFC46620E}.Debug|Any CPU.Build.0 = Debug|Any CPU
		{8576ED8D-2211-458E-A6C4-674FFC46620E}.Release|Any CPU.ActiveCfg = Release|Any CPU
		{8576ED8D-2211-458E-A6C4-674FFC46620E}.Release|Any CPU.Build.0 = Release|Any CPU
	EndGlobalSection
	GlobalSection(SolutionProperties) = preSolution
		HideSolutionNode = FALSE
	EndGlobalSection
EndGlobal
